
Microsoft Visual Studio Solution File, Format Version 12.00
# Visual Studio Version 16
VisualStudioVersion = 16.0.31729.503
MinimumVisualStudioVersion = 10.0.40219.1
Project("{FAE04EC0-301F-11D3-BF4B-00C04F79EFBC}") = "Phonebook", "Phonebook\Phonebook.csproj", "{8CD98E88-E5DB-4544-835B-1012427BD248}"
EndProject
Global
	GlobalSection(SolutionConfigurationPlatforms) = preSolution
		Debug|Any CPU = Debug|Any CPU
		Release|Any CPU = Release|Any CPU
	EndGlobalSection
	GlobalSection(ProjectConfigurationPlatforms) = postSolution
		{8CD98E88-E5DB-4544-835B-1012427BD248}.Debug|Any CPU.ActiveCfg = Debug|Any CPU
		{8CD98E88-E5DB-4544-835B-1012427BD248}.Debug|Any CPU.Build.0 = Debug|Any CPU
		{8CD98E88-E5DB-4544-835B-1012427BD248}.Release|Any CPU.ActiveCfg = Release|Any CPU
		{8CD98E88-E5DB-4544-835B-1012427BD248}.Release|Any CPU.Build.0 = Release|Any CPU
	EndGlobalSection
	GlobalSection(SolutionProperties) = preSolution
		HideSolutionNode = FALSE
	EndGlobalSection
	GlobalSection(ExtensibilityGlobals) = postSolution
		SolutionGuid = {78550473-BBDC-4502-8CF8-39E557072EA9}
	EndGlobalSection
EndGlobal
